
Microsoft Visual Studio Solution File, Format Version 12.00
# Visual Studio Version 17
VisualStudioVersion = 17.2.32519.379
MinimumVisualStudioVersion = 10.0.40219.1
Project("{FAE04EC0-301F-11D3-BF4B-00C04F79EFBC}") = "KsWare.Text.Json", "KsWare.Text.Json\KsWare.Text.Json.csproj", "{0E1248E3-7598-45BF-A3B3-63DBB85D179C}"
EndProject
Project("{FAE04EC0-301F-11D3-BF4B-00C04F79EFBC}") = "KsWare.Text.Json.Tests", "KsWare.Text.Json.Tests\KsWare.Text.Json.Tests.csproj", "{06353FFC-3B49-4698-A97E-CF3EE6026C26}"
EndProject
Global
	GlobalSection(SolutionConfigurationPlatforms) = preSolution
		Debug|Any CPU = Debug|Any CPU
		Release|Any CPU = Release|Any CPU
	EndGlobalSection
	GlobalSection(ProjectConfigurationPlatforms) = postSolution
		{0E1248E3-7598-45BF-A3B3-63DBB85D179C}.Debug|Any CPU.ActiveCfg = Debug|Any CPU
		{0E1248E3-7598-45BF-A3B3-63DBB85D179C}.Debug|Any CPU.Build.0 = Debug|Any CPU
		{0E1248E3-7598-45BF-A3B3-63DBB85D179C}.Release|Any CPU.ActiveCfg = Release|Any CPU
		{0E1248E3-7598-45BF-A3B3-63DBB85D179C}.Release|Any CPU.Build.0 = Release|Any CPU
		{06353FFC-3B49-4698-A97E-CF3EE6026C26}.Debug|Any CPU.ActiveCfg = Debug|Any CPU
		{06353FFC-3B49-4698-A97E-CF3EE6026C26}.Debug|Any CPU.Build.0 = Debug|Any CPU
		{06353FFC-3B49-4698-A97E-CF3EE6026C26}.Release|Any CPU.ActiveCfg = Release|Any CPU
		{06353FFC-3B49-4698-A97E-CF3EE6026C26}.Release|Any CPU.Build.0 = Release|Any CPU
	EndGlobalSection
	GlobalSection(SolutionProperties) = preSolution
		HideSolutionNode = FALSE
	EndGlobalSection
	GlobalSection(ExtensibilityGlobals) = postSolution
		SolutionGuid = {88E495CE-22A6-4B4D-B111-D4213A14A260}
	EndGlobalSection
EndGlobal
